
Microsoft Visual Studio Solution File, Format Version 12.00
# Visual Studio Version 17
VisualStudioVersion = 17.8.34330.188
MinimumVisualStudioVersion = 10.0.40219.1
Project("{FAE04EC0-301F-11D3-BF4B-00C04F79EFBC}") = "MunchHub", "MunchHub\MunchHub.csproj", "{BB8534F0-FCF7-44C5-B58B-1974B0BD614B}"
EndProject
Global
	GlobalSection(SolutionConfigurationPlatforms) = preSolution
		Debug|Any CPU = Debug|Any CPU
		Release|Any CPU = Release|Any CPU
	EndGlobalSection
	GlobalSection(ProjectConfigurationPlatforms) = postSolution
		{BB8534F0-FCF7-44C5-B58B-1974B0BD614B}.Debug|Any CPU.ActiveCfg = Debug|Any CPU
		{BB8534F0-FCF7-44C5-B58B-1974B0BD614B}.Debug|Any CPU.Build.0 = Debug|Any CPU
		{BB8534F0-FCF7-44C5-B58B-1974B0BD614B}.Release|Any CPU.ActiveCfg = Release|Any CPU
		{BB8534F0-FCF7-44C5-B58B-1974B0BD614B}.Release|Any CPU.Build.0 = Release|Any CPU
	EndGlobalSection
	GlobalSection(SolutionProperties) = preSolution
		HideSolutionNode = FALSE
	EndGlobalSection
	GlobalSection(ExtensibilityGlobals) = postSolution
		SolutionGuid = {396987B4-E9B8-4254-955D-C16D3A679F4C}
	EndGlobalSection
EndGlobal
